// !$*UTF8*$!
{
	archiveVersion = 1;
	classes = {
	};
	objectVersion = 52;
	objects = {

/* Begin PBXBuildFile section */
		848DD2312717B5B2002A4914 /* newsspireApp.swift in Sources */ = {isa = PBXBuildFile; fileRef = 848DD2302717B5B2002A4914 /* newsspireApp.swift */; };
		848DD2332717B5B2002A4914 /* ContentView.swift in Sources */ = {isa = PBXBuildFile; fileRef = 848DD2322717B5B2002A4914 /* ContentView.swift */; };
		848DD2352717B5B3002A4914 /* Assets.xcassets in Resources */ = {isa = PBXBuildFile; fileRef = 848DD2342717B5B3002A4914 /* Assets.xcassets */; };
		848DD2382717B5B3002A4914 /* Preview Assets.xcassets in Resources */ = {isa = PBXBuildFile; fileRef = 848DD2372717B5B3002A4914 /* Preview Assets.xcassets */; };
		848DD23A2717B5B3002A4914 /* Persistence.swift in Sources */ = {isa = PBXBuildFile; fileRef = 848DD2392717B5B3002A4914 /* Persistence.swift */; };
		848DD23D2717B5B3002A4914 /* newsspire.xcdatamodeld in Sources */ = {isa = PBXBuildFile; fileRef = 848DD23B2717B5B3002A4914 /* newsspire.xcdatamodeld */; };
		848DD2492717B73F002A4914 /* NewsModel.swift in Sources */ = {isa = PBXBuildFile; fileRef = 848DD2482717B73F002A4914 /* NewsModel.swift */; };
		84CAC0F6271AC176003702C6 /* SwiftyJSON in Frameworks */ = {isa = PBXBuildFile; productRef = 84CAC0F5271AC176003702C6 /* SwiftyJSON */; };
		84CAC0FE271ACE28003702C6 /* SDWebImageSwiftUI in Frameworks */ = {isa = PBXBuildFile; productRef = 84CAC0FD271ACE28003702C6 /* SDWebImageSwiftUI */; };
/* End PBXBuildFile section */

/* Begin PBXFileReference section */
		848DD22D2717B5B2002A4914 /* newsspire.app */ = {isa = PBXFileReference; explicitFileType = wrapper.application; includeInIndex = 0; path = newsspire.app; sourceTree = BUILT_PRODUCTS_DIR; };
		848DD2302717B5B2002A4914 /* newsspireApp.swift */ = {isa = PBXFileReference; lastKnownFileType = sourcecode.swift; path = newsspireApp.swift; sourceTree = "<group>"; };
		848DD2322717B5B2002A4914 /* ContentView.swift */ = {isa = PBXFileReference; lastKnownFileType = sourcecode.swift; path = ContentView.swift; sourceTree = "<group>"; };
		848DD2342717B5B3002A4914 /* Assets.xcassets */ = {isa = PBXFileReference; lastKnownFileType = folder.assetcatalog; path = Assets.xcassets; sourceTree = "<group>"; };
		848DD2372717B5B3002A4914 /* Preview Assets.xcassets */ = {isa = PBXFileReference; lastKnownFileType = folder.assetcatalog; path = "Preview Assets.xcassets"; sourceTree = "<group>"; };
		848DD2392717B5B3002A4914 /* Persistence.swift */ = {isa = PBXFileReference; lastKnownFileType = sourcecode.swift; path = Persistence.swift; sourceTree = "<group>"; };
		848DD23C2717B5B3002A4914 /* newsspire.xcdatamodel */ = {isa = PBXFileReference; lastKnownFileType = wrapper.xcdatamodel; path = newsspire.xcdatamodel; sourceTree = "<group>"; };
		848DD23E2717B5B3002A4914 /* Info.plist */ = {isa = PBXFileReference; lastKnownFileType = text.plist.xml; path = Info.plist; sourceTree = "<group>"; };
		848DD2482717B73F002A4914 /* NewsModel.swift */ = {isa = PBXFileReference; lastKnownFileType = sourcecode.swift; path = NewsModel.swift; sourceTree = "<group>"; };
/* End PBXFileReference section */

/* Begin PBXFrameworksBuildPhase section */
		848DD22A2717B5B2002A4914 /* Frameworks */ = {
			isa = PBXFrameworksBuildPhase;
			buildActionMask = 2147483647;
			files = (
				84CAC0FE271ACE28003702C6 /* SDWebImageSwiftUI in Frameworks */,
				84CAC0F6271AC176003702C6 /* SwiftyJSON in Frameworks */,
			);
			runOnlyForDeploymentPostprocessing = 0;
		};
/* End PBXFrameworksBuildPhase section */

/* Begin PBXGroup section */
		848DD2242717B5B2002A4914 = {
			isa = PBXGroup;
			children = (
				848DD22F2717B5B2002A4914 /* newsspire */,
				848DD22E2717B5B2002A4914 /* Products */,
				84CAC0F1271A6C97003702C6 /* Frameworks */,
			);
			sourceTree = "<group>";
		};
		848DD22E2717B5B2002A4914 /* Products */ = {
			isa = PBXGroup;
			children = (
				848DD22D2717B5B2002A4914 /* newsspire.app */,
			);
			name = Products;
			sourceTree = "<group>";
		};
		848DD22F2717B5B2002A4914 /* newsspire */ = {
			isa = PBXGroup;
			children = (
				848DD2472717B660002A4914 /* CORE DATA MODAL */,
				848DD2462717B645002A4914 /* JSON MODAL */,
				848DD2322717B5B2002A4914 /* ContentView.swift */,
				848DD2302717B5B2002A4914 /* newsspireApp.swift */,
				848DD23E2717B5B3002A4914 /* Info.plist */,
				848DD2342717B5B3002A4914 /* Assets.xcassets */,
				848DD2362717B5B3002A4914 /* Preview Content */,
			);
			path = newsspire;
			sourceTree = "<group>";
		};
		848DD2362717B5B3002A4914 /* Preview Content */ = {
			isa = PBXGroup;
			children = (
				848DD2372717B5B3002A4914 /* Preview Assets.xcassets */,
			);
			path = "Preview Content";
			sourceTree = "<group>";
		};
		848DD2462717B645002A4914 /* JSON MODAL */ = {
			isa = PBXGroup;
			children = (
				848DD2482717B73F002A4914 /* NewsModel.swift */,
			);
			path = "JSON MODAL";
			sourceTree = "<group>";
		};
		848DD2472717B660002A4914 /* CORE DATA MODAL */ = {
			isa = PBXGroup;
			children = (
				848DD2392717B5B3002A4914 /* Persistence.swift */,
				848DD23B2717B5B3002A4914 /* newsspire.xcdatamodeld */,
			);
			path = "CORE DATA MODAL";
			sourceTree = "<group>";
		};
		84CAC0F1271A6C97003702C6 /* Frameworks */ = {
			isa = PBXGroup;
			children = (
			);
			name = Frameworks;
			sourceTree = "<group>";
		};
/* End PBXGroup section */

/* Begin PBXNativeTarget section */
		848DD22C2717B5B2002A4914 /* newsspire */ = {
			isa = PBXNativeTarget;
			buildConfigurationList = 848DD2412717B5B3002A4914 /* Build configuration list for PBXNativeTarget "newsspire" */;
			buildPhases = (
				848DD2292717B5B2002A4914 /* Sources */,
				848DD22A2717B5B2002A4914 /* Frameworks */,
				848DD22B2717B5B2002A4914 /* Resources */,
			);
			buildRules = (
			);
			dependencies = (
			);
			name = newsspire;
			packageProductDependencies = (
				84CAC0F5271AC176003702C6 /* SwiftyJSON */,
				84CAC0FD271ACE28003702C6 /* SDWebImageSwiftUI */,
			);
			productName = newsspire;
			productReference = 848DD22D2717B5B2002A4914 /* newsspire.app */;
			productType = "com.apple.product-type.application";
		};
/* End PBXNativeTarget section */

/* Begin PBXProject section */
		848DD2252717B5B2002A4914 /* Project object */ = {
			isa = PBXProject;
			attributes = {
				LastSwiftUpdateCheck = 1240;
				LastUpgradeCheck = 1240;
				TargetAttributes = {
					848DD22C2717B5B2002A4914 = {
						CreatedOnToolsVersion = 12.4;
					};
				};
			};
			buildConfigurationList = 848DD2282717B5B2002A4914 /* Build configuration list for PBXProject "newsspire" */;
			compatibilityVersion = "Xcode 9.3";
			developmentRegion = en;
			hasScannedForEncodings = 0;
			knownRegions = (
				en,
				Base,
			);
			mainGroup = 848DD2242717B5B2002A4914;
			packageReferences = (
				848DD24B2717CB72002A4914 /* XCRemoteSwiftPackageReference "SDWebImageSwiftUI" */,
				84CAC0EA271A68C0003702C6 /* XCRemoteSwiftPackageReference "url-image" */,
				84CAC0F4271AC176003702C6 /* XCRemoteSwiftPackageReference "SwiftyJSON" */,
			);
			productRefGroup = 848DD22E2717B5B2002A4914 /* Products */;
			projectDirPath = "";
			projectRoot = "";
			targets = (
				848DD22C2717B5B2002A4914 /* newsspire */,
			);
		};
/* End PBXProject section */

/* Begin PBXResourcesBuildPhase section */
		848DD22B2717B5B2002A4914 /* Resources */ = {
			isa = PBXResourcesBuildPhase;
			buildActionMask = 2147483647;
			files = (
				848DD2382717B5B3002A4914 /* Preview Assets.xcassets in Resources */,
				848DD2352717B5B3002A4914 /* Assets.xcassets in Resources */,
			);
			runOnlyForDeploymentPostprocessing = 0;
		};
/* End PBXResourcesBuildPhase section */

/* Begin PBXSourcesBuildPhase section */
		848DD2292717B5B2002A4914 /* Sources */ = {
			isa = PBXSourcesBuildPhase;
			buildActionMask = 2147483647;
			files = (
				848DD23A2717B5B3002A4914 /* Persistence.swift in Sources */,
				848DD2332717B5B2002A4914 /* ContentView.swift in Sources */,
				848DD23D2717B5B3002A4914 /* newsspire.xcdatamodeld in Sources */,
				848DD2312717B5B2002A4914 /* newsspireApp.swift in Sources */,
				848DD2492717B73F002A4914 /* NewsModel.swift in Sources */,
			);
			runOnlyForDeploymentPostprocessing = 0;
		};
/* End PBXSourcesBuildPhase section */

/* Begin XCBuildConfiguration section */
		848DD23F2717B5B3002A4914 /* Debug */ = {
			isa = XCBuildConfiguration;
			buildSettings = {
				ALWAYS_SEARCH_USER_PATHS = NO;
				CLANG_ANALYZER_NONNULL = YES;
				CLANG_ANALYZER_NUMBER_OBJECT_CONVERSION = YES_AGGRESSIVE;
				CLANG_CXX_LANGUAGE_STANDARD = "gnu++14";
				CLANG_CXX_LIBRARY = "libc++";
				CLANG_ENABLE_MODULES = YES;
				CLANG_ENABLE_OBJC_ARC = YES;
				CLANG_ENABLE_OBJC_WEAK = YES;
				CLANG_WARN_BLOCK_CAPTURE_AUTORELEASING = YES;
				CLANG_WARN_BOOL_CONVERSION = YES;
				CLANG_WARN_COMMA = YES;
				CLANG_WARN_CONSTANT_CONVERSION = YES;
				CLANG_WARN_DEPRECATED_OBJC_IMPLEMENTATIONS = YES;
				CLANG_WARN_DIRECT_OBJC_ISA_USAGE = YES_ERROR;
				CLANG_WARN_DOCUMENTATION_COMMENTS = YES;
				CLANG_WARN_EMPTY_BODY = YES;
				CLANG_WARN_ENUM_CONVERSION = YES;
				CLANG_WARN_INFINITE_RECURSION = YES;
				CLANG_WARN_INT_CONVERSION = YES;
				CLANG_WARN_NON_LITERAL_NULL_CONVERSION = YES;
				CLANG_WARN_OBJC_IMPLICIT_RETAIN_SELF = YES;
				CLANG_WARN_OBJC_LITERAL_CONVERSION = YES;
				CLANG_WARN_OBJC_ROOT_CLASS = YES_ERROR;
				CLANG_WARN_QUOTED_INCLUDE_IN_FRAMEWORK_HEADER = YES;
				CLANG_WARN_RANGE_LOOP_ANALYSIS = YES;
				CLANG_WARN_STRICT_PROTOTYPES = YES;
				CLANG_WARN_SUSPICIOUS_MOVE = YES;
				CLANG_WARN_UNGUARDED_AVAILABILITY = YES_AGGRESSIVE;
				CLANG_WARN_UNREACHABLE_CODE = YES;
				CLANG_WARN__DUPLICATE_METHOD_MATCH = YES;
				COPY_PHASE_STRIP = NO;
				DEBUG_INFORMATION_FORMAT = dwarf;
				ENABLE_STRICT_OBJC_MSGSEND = YES;
				ENABLE_TESTABILITY = YES;
				GCC_C_LANGUAGE_STANDARD = gnu11;
				GCC_DYNAMIC_NO_PIC = NO;
				GCC_NO_COMMON_BLOCKS = YES;
				GCC_OPTIMIZATION_LEVEL = 0;
				GCC_PREPROCESSOR_DEFINITIONS = (
					"DEBUG=1",
					"$(inherited)",
				);
				GCC_WARN_64_TO_32_BIT_CONVERSION = YES;
				GCC_WARN_ABOUT_RETURN_TYPE = YES_ERROR;
				GCC_WARN_UNDECLARED_SELECTOR = YES;
				GCC_WARN_UNINITIALIZED_AUTOS = YES_AGGRESSIVE;
				GCC_WARN_UNUSED_FUNCTION = YES;
				GCC_WARN_UNUSED_VARIABLE = YES;
				IPHONEOS_DEPLOYMENT_TARGET = 14.4;
				MTL_ENABLE_DEBUG_INFO = INCLUDE_SOURCE;
				MTL_FAST_MATH = YES;
				ONLY_ACTIVE_ARCH = YES;
				SDKROOT = iphoneos;
				SWIFT_ACTIVE_COMPILATION_CONDITIONS = DEBUG;
				SWIFT_OPTIMIZATION_LEVEL = "-Onone";
			};
			name = Debug;
		};
		848DD2402717B5B3002A4914 /* Release */ = {
			isa = XCBuildConfiguration;
			buildSettings = {
				ALWAYS_SEARCH_USER_PATHS = NO;
				CLANG_ANALYZER_NONNULL = YES;
				CLANG_ANALYZER_NUMBER_OBJECT_CONVERSION = YES_AGGRESSIVE;
				CLANG_CXX_LANGUAGE_STANDARD = "gnu++14";
				CLANG_CXX_LIBRARY = "libc++";
				CLANG_ENABLE_MODULES = YES;
				CLANG_ENABLE_OBJC_ARC = YES;
				CLANG_ENABLE_OBJC_WEAK = YES;
				CLANG_WARN_BLOCK_CAPTURE_AUTORELEASING = YES;
				CLANG_WARN_BOOL_CONVERSION = YES;
				CLANG_WARN_COMMA = YES;
				CLANG_WARN_CONSTANT_CONVERSION = YES;
				CLANG_WARN_DEPRECATED_OBJC_IMPLEMENTATIONS = YES;
				CLANG_WARN_DIRECT_OBJC_ISA_USAGE = YES_ERROR;
				CLANG_WARN_DOCUMENTATION_COMMENTS = YES;
				CLANG_WARN_EMPTY_BODY = YES;
				CLANG_WARN_ENUM_CONVERSION = YES;
				CLANG_WARN_INFINITE_RECURSION = YES;
				CLANG_WARN_INT_CONVERSION = YES;
				CLANG_WARN_NON_LITERAL_NULL_CONVERSION = YES;
				CLANG_WARN_OBJC_IMPLICIT_RETAIN_SELF = YES;
				CLANG_WARN_OBJC_LITERAL_CONVERSION = YES;
				CLANG_WARN_OBJC_ROOT_CLASS = YES_ERROR;
				CLANG_WARN_QUOTED_INCLUDE_IN_FRAMEWORK_HEADER = YES;
				CLANG_WARN_RANGE_LOOP_ANALYSIS = YES;
				CLANG_WARN_STRICT_PROTOTYPES = YES;
				CLANG_WARN_SUSPICIOUS_MOVE = YES;
				CLANG_WARN_UNGUARDED_AVAILABILITY = YES_AGGRESSIVE;
				CLANG_WARN_UNREACHABLE_CODE = YES;
				CLANG_WARN__DUPLICATE_METHOD_MATCH = YES;
				COPY_PHASE_STRIP = NO;
				DEBUG_INFORMATION_FORMAT = "dwarf-with-dsym";
				ENABLE_NS_ASSERTIONS = NO;
				ENABLE_STRICT_OBJC_MSGSEND = YES;
				GCC_C_LANGUAGE_STANDARD = gnu11;
				GCC_NO_COMMON_BLOCKS = YES;
				GCC_WARN_64_TO_32_BIT_CONVERSION = YES;
				GCC_WARN_ABOUT_RETURN_TYPE = YES_ERROR;
				GCC_WARN_UNDECLARED_SELECTOR = YES;
				GCC_WARN_UNINITIALIZED_AUTOS = YES_AGGRESSIVE;
				GCC_WARN_UNUSED_FUNCTION = YES;
				GCC_WARN_UNUSED_VARIABLE = YES;
				IPHONEOS_DEPLOYMENT_TARGET = 14.4;
				MTL_ENABLE_DEBUG_INFO = NO;
				MTL_FAST_MATH = YES;
				SDKROOT = iphoneos;
				SWIFT_COMPILATION_MODE = wholemodule;
				SWIFT_OPTIMIZATION_LEVEL = "-O";
				VALIDATE_PRODUCT = YES;
			};
			name = Release;
		};
		848DD2422717B5B3002A4914 /* Debug */ = {
			isa = XCBuildConfiguration;
			buildSettings = {
				ASSETCATALOG_COMPILER_APPICON_NAME = AppIcon;
				ASSETCATALOG_COMPILER_GLOBAL_ACCENT_COLOR_NAME = AccentColor;
				CODE_SIGN_STYLE = Automatic;
				DEVELOPMENT_ASSET_PATHS = "\"newsspire/Preview Content\"";
				DEVELOPMENT_TEAM = J65LKK6KZJ;
				ENABLE_PREVIEWS = YES;
				INFOPLIST_FILE = newsspire/Info.plist;
				IPHONEOS_DEPLOYMENT_TARGET = 14.0;
				LD_RUNPATH_SEARCH_PATHS = (
					"$(inherited)",
					"@executable_path/Frameworks",
				);
				PRODUCT_BUNDLE_IDENTIFIER = x.newsspire;
				PRODUCT_NAME = "$(TARGET_NAME)";
				SWIFT_VERSION = 5.0;
				TARGETED_DEVICE_FAMILY = "1,2";
			};
			name = Debug;
		};
		848DD2432717B5B3002A4914 /* Release */ = {
			isa = XCBuildConfiguration;
			buildSettings = {
				ASSETCATALOG_COMPILER_APPICON_NAME = AppIcon;
				ASSETCATALOG_COMPILER_GLOBAL_ACCENT_COLOR_NAME = AccentColor;
				CODE_SIGN_STYLE = Automatic;
				DEVELOPMENT_ASSET_PATHS = "\"newsspire/Preview Content\"";
				DEVELOPMENT_TEAM = J65LKK6KZJ;
				ENABLE_PREVIEWS = YES;
				INFOPLIST_FILE = newsspire/Info.plist;
				IPHONEOS_DEPLOYMENT_TARGET = 14.0;
				LD_RUNPATH_SEARCH_PATHS = (
					"$(inherited)",
					"@executable_path/Frameworks",
				);
				PRODUCT_BUNDLE_IDENTIFIER = x.newsspire;
				PRODUCT_NAME = "$(TARGET_NAME)";
				SWIFT_VERSION = 5.0;
				TARGETED_DEVICE_FAMILY = "1,2";
			};
			name = Release;
		};
/* End XCBuildConfiguration section */

/* Begin XCConfigurationList section */
		848DD2282717B5B2002A4914 /* Build configuration list for PBXProject "newsspire" */ = {
			isa = XCConfigurationList;
			buildConfigurations = (
				848DD23F2717B5B3002A4914 /* Debug */,
				848DD2402717B5B3002A4914 /* Release */,
			);
			defaultConfigurationIsVisible = 0;
			defaultConfigurationName = Release;
		};
		848DD2412717B5B3002A4914 /* Build configuration list for PBXNativeTarget "newsspire" */ = {
			isa = XCConfigurationList;
			buildConfigurations = (
				848DD2422717B5B3002A4914 /* Debug */,
				848DD2432717B5B3002A4914 /* Release */,
			);
			defaultConfigurationIsVisible = 0;
			defaultConfigurationName = Release;
		};
/* End XCConfigurationList section */

/* Begin XCRemoteSwiftPackageReference section */
		848DD24B2717CB72002A4914 /* XCRemoteSwiftPackageReference "SDWebImageSwiftUI" */ = {
			isa = XCRemoteSwiftPackageReference;
			repositoryURL = "https://github.com/SDWebImage/SDWebImageSwiftUI";
			requirement = {
				kind = upToNextMajorVersion;
				minimumVersion = 2.0.2;
			};
		};
		84CAC0EA271A68C0003702C6 /* XCRemoteSwiftPackageReference "url-image" */ = {
			isa = XCRemoteSwiftPackageReference;
			repositoryURL = "https://github.com/dmytro-anokhin/url-image.git";
			requirement = {
				kind = upToNextMajorVersion;
				minimumVersion = 3.1.1;
			};
		};
		84CAC0F4271AC176003702C6 /* XCRemoteSwiftPackageReference "SwiftyJSON" */ = {
			isa = XCRemoteSwiftPackageReference;
			repositoryURL = "https://github.com/SwiftyJSON/SwiftyJSON.git";
			requirement = {
				kind = upToNextMajorVersion;
				minimumVersion = 5.0.1;
			};
		};
/* End XCRemoteSwiftPackageReference section */

/* Begin XCSwiftPackageProductDependency section */
		84CAC0F5271AC176003702C6 /* SwiftyJSON */ = {
			isa = XCSwiftPackageProductDependency;
			package = 84CAC0F4271AC176003702C6 /* XCRemoteSwiftPackageReference "SwiftyJSON" */;
			productName = SwiftyJSON;
		};
		84CAC0FD271ACE28003702C6 /* SDWebImageSwiftUI */ = {
			isa = XCSwiftPackageProductDependency;
			package = 848DD24B2717CB72002A4914 /* XCRemoteSwiftPackageReference "SDWebImageSwiftUI" */;
			productName = SDWebImageSwiftUI;
		};
/* End XCSwiftPackageProductDependency section */

/* Begin XCVersionGroup section */
		848DD23B2717B5B3002A4914 /* newsspire.xcdatamodeld */ = {
			isa = XCVersionGroup;
			children = (
				848DD23C2717B5B3002A4914 /* newsspire.xcdatamodel */,
			);
			currentVersion = 848DD23C2717B5B3002A4914 /* newsspire.xcdatamodel */;
			path = newsspire.xcdatamodeld;
			sourceTree = "<group>";
			versionGroupType = wrapper.xcdatamodel;
		};
/* End XCVersionGroup section */
	};
	rootObject = 848DD2252717B5B2002A4914 /* Project object */;
}
